
Microsoft Visual Studio Solution File, Format Version 12.00
# Visual Studio Version 17
VisualStudioVersion = 17.10.34928.147
MinimumVisualStudioVersion = 10.0.40219.1
Project("{8BC9CEB8-8B4A-11D0-8D11-00A0C91BC942}") = "class_SV", "class_SV\class_SV.vcxproj", "{F54E7068-E2D8-49BF-9A12-80F76A030845}"
EndProject
Project("{8BC9CEB8-8B4A-11D0-8D11-00A0C91BC942}") = "kethua", "kethua\kethua.vcxproj", "{7E793952-A9DD-4354-BBF0-B3020D7224DD}"
EndProject
Project("{8BC9CEB8-8B4A-11D0-8D11-00A0C91BC942}") = "template", "template\template.vcxproj", "{B857A285-CE9E-4B38-ACFE-A5534C400263}"
EndProject
Project("{8BC9CEB8-8B4A-11D0-8D11-00A0C91BC942}") = "Leetcode", "Leetcode\Leetcode.vcxproj", "{48A34BCC-76D4-4872-A6A3-A585BB4214D4}"
EndProject
Project("{8BC9CEB8-8B4A-11D0-8D11-00A0C91BC942}") = "algorithm", "algorithm\algorithm.vcxproj", "{9603BDC9-6891-45EF-A14E-CFBFC022798F}"
EndProject
Global
	GlobalSection(SolutionConfigurationPlatforms) = preSolution
		Debug|x64 = Debug|x64
		Debug|x86 = Debug|x86
		Release|x64 = Release|x64
		Release|x86 = Release|x86
	EndGlobalSection
	GlobalSection(ProjectConfigurationPlatforms) = postSolution
		{F54E7068-E2D8-49BF-9A12-80F76A030845}.Debug|x64.ActiveCfg = Debug|x64
		{F54E7068-E2D8-49BF-9A12-80F76A030845}.Debug|x64.Build.0 = Debug|x64
		{F54E7068-E2D8-49BF-9A12-80F76A030845}.Debug|x86.ActiveCfg = Debug|Win32
		{F54E7068-E2D8-49BF-9A12-80F76A030845}.Debug|x86.Build.0 = Debug|Win32
		{F54E7068-E2D8-49BF-9A12-80F76A030845}.Release|x64.ActiveCfg = Release|x64
		{F54E7068-E2D8-49BF-9A12-80F76A030845}.Release|x64.Build.0 = Release|x64
		{F54E7068-E2D8-49BF-9A12-80F76A030845}.Release|x86.ActiveCfg = Release|Win32
		{F54E7068-E2D8-49BF-9A12-80F76A030845}.Release|x86.Build.0 = Release|Win32
		{7E793952-A9DD-4354-BBF0-B3020D7224DD}.Debug|x64.ActiveCfg = Debug|x64
		{7E793952-A9DD-4354-BBF0-B3020D7224DD}.Debug|x64.Build.0 = Debug|x64
		{7E793952-A9DD-4354-BBF0-B3020D7224DD}.Debug|x86.ActiveCfg = Debug|Win32
		{7E793952-A9DD-4354-BBF0-B3020D7224DD}.Debug|x86.Build.0 = Debug|Win32
		{7E793952-A9DD-4354-BBF0-B3020D7224DD}.Release|x64.ActiveCfg = Release|x64
		{7E793952-A9DD-4354-BBF0-B3020D7224DD}.Release|x64.Build.0 = Release|x64
		{7E793952-A9DD-4354-BBF0-B3020D7224DD}.Release|x86.ActiveCfg = Release|Win32
		{7E793952-A9DD-4354-BBF0-B3020D7224DD}.Release|x86.Build.0 = Release|Win32
		{B857A285-CE9E-4B38-ACFE-A5534C400263}.Debug|x64.ActiveCfg = Debug|x64
		{B857A285-CE9E-4B38-ACFE-A5534C400263}.Debug|x64.Build.0 = Debug|x64
		{B857A285-CE9E-4B38-ACFE-A5534C400263}.Debug|x86.ActiveCfg = Debug|Win32
		{B857A285-CE9E-4B38-ACFE-A5534C400263}.Debug|x86.Build.0 = Debug|Win32
		{B857A285-CE9E-4B38-ACFE-A5534C400263}.Release|x64.ActiveCfg = Release|x64
		{B857A285-CE9E-4B38-ACFE-A5534C400263}.Release|x64.Build.0 = Release|x64
		{B857A285-CE9E-4B38-ACFE-A5534C400263}.Release|x86.ActiveCfg = Release|Win32
		{B857A285-CE9E-4B38-ACFE-A5534C400263}.Release|x86.Build.0 = Release|Win32
		{48A34BCC-76D4-4872-A6A3-A585BB4214D4}.Debug|x64.ActiveCfg = Debug|x64
		{48A34BCC-76D4-4872-A6A3-A585BB4214D4}.Debug|x64.Build.0 = Debug|x64
		{48A34BCC-76D4-4872-A6A3-A585BB4214D4}.Debug|x86.ActiveCfg = Debug|Win32
		{48A34BCC-76D4-4872-A6A3-A585BB4214D4}.Debug|x86.Build.0 = Debug|Win32
		{48A34BCC-76D4-4872-A6A3-A585BB4214D4}.Release|x64.ActiveCfg = Release|x64
		{48A34BCC-76D4-4872-A6A3-A585BB4214D4}.Release|x64.Build.0 = Release|x64
		{48A34BCC-76D4-4872-A6A3-A585BB4214D4}.Release|x86.ActiveCfg = Release|Win32
		{48A34BCC-76D4-4872-A6A3-A585BB4214D4}.Release|x86.Build.0 = Release|Win32
		{9603BDC9-6891-45EF-A14E-CFBFC022798F}.Debug|x64.ActiveCfg = Debug|x64
		{9603BDC9-6891-45EF-A14E-CFBFC022798F}.Debug|x64.Build.0 = Debug|x64
		{9603BDC9-6891-45EF-A14E-CFBFC022798F}.Debug|x86.ActiveCfg = Debug|Win32
		{9603BDC9-6891-45EF-A14E-CFBFC022798F}.Debug|x86.Build.0 = Debug|Win32
		{9603BDC9-6891-45EF-A14E-CFBFC022798F}.Release|x64.ActiveCfg = Release|x64
		{9603BDC9-6891-45EF-A14E-CFBFC022798F}.Release|x64.Build.0 = Release|x64
		{9603BDC9-6891-45EF-A14E-CFBFC022798F}.Release|x86.ActiveCfg = Release|Win32
		{9603BDC9-6891-45EF-A14E-CFBFC022798F}.Release|x86.Build.0 = Release|Win32
	EndGlobalSection
	GlobalSection(SolutionProperties) = preSolution
		HideSolutionNode = FALSE
	EndGlobalSection
	GlobalSection(ExtensibilityGlobals) = postSolution
		SolutionGuid = {61E729A9-1E68-4688-AC11-81F9C0052E5E}
	EndGlobalSection
EndGlobal
